Microsoft Visual Studio Solution File, Format Version 12.00
# Visual Studio Version 17
VisualStudioVersion = 17.5.2.0
MinimumVisualStudioVersion = 10.0.40219.1
Project("{FAE04EC0-301F-11D3-BF4B-00C04F79EFBC}") = "FlowMarket.Api", "FlowMarket.Api\FlowMarket.Api.csproj", "{14EB1D89-62F1-1B38-AB64-CC50B3885E27}"
EndProject
Project("{FAE04EC0-301F-11D3-BF4B-00C04F79EFBC}") = "FlowMarket.Application", "FlowMarket.Application\FlowMarket.Application.csproj", "{06026591-23D1-53C0-F88F-C0CAFA39B46E}"
EndProject
Project("{FAE04EC0-301F-11D3-BF4B-00C04F79EFBC}") = "FlowMarket.Domain", "FlowMarket.Domain\FlowMarket.Domain.csproj", "{908BB902-2087-6C40-5808-716F31F1EEBC}"
EndProject
Project("{FAE04EC0-301F-11D3-BF4B-00C04F79EFBC}") = "FlowMarket.Infrastructure", "FlowMarket.Infrastructure\FlowMarket.Infrastructure.csproj", "{1EAEA336-9CC2-B8D4-517C-2F78658A0690}"
EndProject
Global
	GlobalSection(SolutionConfigurationPlatforms) = preSolution
		Debug|Any CPU = Debug|Any CPU
		Release|Any CPU = Release|Any CPU
	EndGlobalSection
	GlobalSection(ProjectConfigurationPlatforms) = postSolution
		{14EB1D89-62F1-1B38-AB64-CC50B3885E27}.Debug|Any CPU.ActiveCfg = Debug|Any CPU
		{14EB1D89-62F1-1B38-AB64-CC50B3885E27}.Debug|Any CPU.Build.0 = Debug|Any CPU
		{14EB1D89-62F1-1B38-AB64-CC50B3885E27}.Release|Any CPU.ActiveCfg = Release|Any CPU
		{14EB1D89-62F1-1B38-AB64-CC50B3885E27}.Release|Any CPU.Build.0 = Release|Any CPU
		{06026591-23D1-53C0-F88F-C0CAFA39B46E}.Debug|Any CPU.ActiveCfg = Debug|Any CPU
		{06026591-23D1-53C0-F88F-C0CAFA39B46E}.Debug|Any CPU.Build.0 = Debug|Any CPU
		{06026591-23D1-53C0-F88F-C0CAFA39B46E}.Release|Any CPU.ActiveCfg = Release|Any CPU
		{06026591-23D1-53C0-F88F-C0CAFA39B46E}.Release|Any CPU.Build.0 = Release|Any CPU
		{908BB902-2087-6C40-5808-716F31F1EEBC}.Debug|Any CPU.ActiveCfg = Debug|Any CPU
		{908BB902-2087-6C40-5808-716F31F1EEBC}.Debug|Any CPU.Build.0 = Debug|Any CPU
		{908BB902-2087-6C40-5808-716F31F1EEBC}.Release|Any CPU.ActiveCfg = Release|Any CPU
		{908BB902-2087-6C40-5808-716F31F1EEBC}.Release|Any CPU.Build.0 = Release|Any CPU
		{1EAEA336-9CC2-B8D4-517C-2F78658A0690}.Debug|Any CPU.ActiveCfg = Debug|Any CPU
		{1EAEA336-9CC2-B8D4-517C-2F78658A0690}.Debug|Any CPU.Build.0 = Debug|Any CPU
		{1EAEA336-9CC2-B8D4-517C-2F78658A0690}.Release|Any CPU.ActiveCfg = Release|Any CPU
		{1EAEA336-9CC2-B8D4-517C-2F78658A0690}.Release|Any CPU.Build.0 = Release|Any CPU
	EndGlobalSection
	GlobalSection(SolutionProperties) = preSolution
		HideSolutionNode = FALSE
	EndGlobalSection
	GlobalSection(ExtensibilityGlobals) = postSolution
		SolutionGuid = {9B8C8FFB-7F0D-4E6A-9A14-9E13F2F7F4B4}
	EndGlobalSection
EndGlobal
